
Microsoft Visual Studio Solution File, Format Version 12.00
# Visual Studio Version 17
VisualStudioVersion = 17.4.33213.308
MinimumVisualStudioVersion = 10.0.40219.1
Project("{9A19103F-16F7-4668-BE54-9A1E7A4F7556}") = "MyMovieList", "MyMovieList.csproj", "{5507DF0B-A9ED-4BA0-A678-B7FFF0CC4559}"
EndProject
Global
	GlobalSection(SolutionConfigurationPlatforms) = preSolution
		Debug|Any CPU = Debug|Any CPU
		Release|Any CPU = Release|Any CPU
	EndGlobalSection
	GlobalSection(ProjectConfigurationPlatforms) = postSolution
		{5507DF0B-A9ED-4BA0-A678-B7FFF0CC4559}.Debug|Any CPU.ActiveCfg = Debug|Any CPU
		{5507DF0B-A9ED-4BA0-A678-B7FFF0CC4559}.Debug|Any CPU.Build.0 = Debug|Any CPU
		{5507DF0B-A9ED-4BA0-A678-B7FFF0CC4559}.Release|Any CPU.ActiveCfg = Release|Any CPU
		{5507DF0B-A9ED-4BA0-A678-B7FFF0CC4559}.Release|Any CPU.Build.0 = Release|Any CPU
	EndGlobalSection
	GlobalSection(SolutionProperties) = preSolution
		HideSolutionNode = FALSE
	EndGlobalSection
	GlobalSection(ExtensibilityGlobals) = postSolution
		SolutionGuid = {13F5AF99-6535-4FA0-A353-244857559797}
	EndGlobalSection
EndGlobal
